// !$*UTF8*$!
{
	archiveVersion = 1;
	classes = {
	};
	objectVersion = 50;
	objects = {

/* Begin PBXBuildFile section */
		48268ECD27DF3D1500D2158A /* CreateAlarmViewController.swift in Sources */ = {isa = PBXBuildFile; fileRef = 48268ECC27DF3D1500D2158A /* CreateAlarmViewController.swift */; };
		48268ED027DF3D2900D2158A /* CreateAlarmInteractor.swift in Sources */ = {isa = PBXBuildFile; fileRef = 48268ECF27DF3D2900D2158A /* CreateAlarmInteractor.swift */; };
		48268EDB27DF3D7D00D2158A /* CreateAlarmRouter.swift in Sources */ = {isa = PBXBuildFile; fileRef = 48268EDA27DF3D7D00D2158A /* CreateAlarmRouter.swift */; };
		48268EDE27DF3D8800D2158A /* CreateAlarmAssembly.swift in Sources */ = {isa = PBXBuildFile; fileRef = 48268EDD27DF3D8800D2158A /* CreateAlarmAssembly.swift */; };
		48268EE327DF579400D2158A /* AlarmTabBarViewController.swift in Sources */ = {isa = PBXBuildFile; fileRef = 48268EE227DF579400D2158A /* AlarmTabBarViewController.swift */; };
		48268EEB27DF593A00D2158A /* AlarmTabBarRouter.swift in Sources */ = {isa = PBXBuildFile; fileRef = 48268EEA27DF593A00D2158A /* AlarmTabBarRouter.swift */; };
		48268EEE27DF59E600D2158A /* AlarmTabBarAssembly.swift in Sources */ = {isa = PBXBuildFile; fileRef = 48268EED27DF59E600D2158A /* AlarmTabBarAssembly.swift */; };
		48268EF327DF6B3700D2158A /* EditAlarmViewController.swift in Sources */ = {isa = PBXBuildFile; fileRef = 48268EF227DF6B3700D2158A /* EditAlarmViewController.swift */; };
		48268EF627DF6B5200D2158A /* EditAlarmInteractor.swift in Sources */ = {isa = PBXBuildFile; fileRef = 48268EF527DF6B5200D2158A /* EditAlarmInteractor.swift */; };
		48268EF927DF6B6400D2158A /* EditAlarmRouter.swift in Sources */ = {isa = PBXBuildFile; fileRef = 48268EF827DF6B6400D2158A /* EditAlarmRouter.swift */; };
		48268EFC27DF6B6F00D2158A /* EditAlarmAssembly.swift in Sources */ = {isa = PBXBuildFile; fileRef = 48268EFB27DF6B6F00D2158A /* EditAlarmAssembly.swift */; };
		48268EFF27DF901600D2158A /* EditAlarmPresenter.swift in Sources */ = {isa = PBXBuildFile; fileRef = 48268EFE27DF901600D2158A /* EditAlarmPresenter.swift */; };
		48268F0327DF934000D2158A /* TableRouter.swift in Sources */ = {isa = PBXBuildFile; fileRef = 48268F0227DF934000D2158A /* TableRouter.swift */; };
		48268F1027DFA76E00D2158A /* TextAlarmModel.swift in Sources */ = {isa = PBXBuildFile; fileRef = 48268F0F27DFA76E00D2158A /* TextAlarmModel.swift */; };
		48268F1427DFAD1100D2158A /* StackRouter.swift in Sources */ = {isa = PBXBuildFile; fileRef = 48268F1327DFAD1100D2158A /* StackRouter.swift */; };
		4860211F27E89A5E0053CD1E /* AlarmCoreData.xcdatamodeld in Sources */ = {isa = PBXBuildFile; fileRef = 4860211D27E89A5E0053CD1E /* AlarmCoreData.xcdatamodeld */; };
		4860212B27E8A2D90053CD1E /* Student.wav in Resources */ = {isa = PBXBuildFile; fileRef = 4860212A27E8A2D90053CD1E /* Student.wav */; };
		4860213027E8A7660053CD1E /* GovoritMoskva.wav in Resources */ = {isa = PBXBuildFile; fileRef = 4860212E27E8A7660053CD1E /* GovoritMoskva.wav */; };
		4860213127E8A7660053CD1E /* ArmyanRadio.wav in Resources */ = {isa = PBXBuildFile; fileRef = 4860212F27E8A7660053CD1E /* ArmyanRadio.wav */; };
		4860213527E8A7B10053CD1E /* Alarm+CoreDataClass.swift in Sources */ = {isa = PBXBuildFile; fileRef = 4860213327E8A7B10053CD1E /* Alarm+CoreDataClass.swift */; };
		4860213627E8A7B10053CD1E /* Alarm+CoreDataProperties.swift in Sources */ = {isa = PBXBuildFile; fileRef = 4860213427E8A7B10053CD1E /* Alarm+CoreDataProperties.swift */; };
		4860213A27E8A9780053CD1E /* AlarmSound.swift in Sources */ = {isa = PBXBuildFile; fileRef = 4860213927E8A9780053CD1E /* AlarmSound.swift */; };
		48740A5927DE8CC400EF2BC3 /* TableAlarmView.swift in Sources */ = {isa = PBXBuildFile; fileRef = 48740A5827DE8CC400EF2BC3 /* TableAlarmView.swift */; };
		48740A5C27DE97EE00EF2BC3 /* TableInteractor.swift in Sources */ = {isa = PBXBuildFile; fileRef = 48740A5B27DE97EE00EF2BC3 /* TableInteractor.swift */; };
		48740A5F27DE97FB00EF2BC3 /* TablePresenter.swift in Sources */ = {isa = PBXBuildFile; fileRef = 48740A5E27DE97FB00EF2BC3 /* TablePresenter.swift */; };
		48740A6227DE981700EF2BC3 /* TableAssembly.swift in Sources */ = {isa = PBXBuildFile; fileRef = 48740A6127DE981700EF2BC3 /* TableAssembly.swift */; };
		48740A6727DEA88D00EF2BC3 /* CollectionAlarmView.swift in Sources */ = {isa = PBXBuildFile; fileRef = 48740A6627DEA88D00EF2BC3 /* CollectionAlarmView.swift */; };
		48740A6B27DEB6CE00EF2BC3 /* CollectionInteractor.swift in Sources */ = {isa = PBXBuildFile; fileRef = 48740A6A27DEB6CE00EF2BC3 /* CollectionInteractor.swift */; };
		48740A6E27DEB6DB00EF2BC3 /* CollectionPresenter.swift in Sources */ = {isa = PBXBuildFile; fileRef = 48740A6D27DEB6DB00EF2BC3 /* CollectionPresenter.swift */; };
		48740A7127DEB6FA00EF2BC3 /* CollectionAssembly.swift in Sources */ = {isa = PBXBuildFile; fileRef = 48740A7027DEB6FA00EF2BC3 /* CollectionAssembly.swift */; };
		4896412427DDE66400BAFFE7 /* StackAlarmView.swift in Sources */ = {isa = PBXBuildFile; fileRef = 4896412327DDE66400BAFFE7 /* StackAlarmView.swift */; };
		4896412827DDE68B00BAFFE7 /* AlarmWorker.swift in Sources */ = {isa = PBXBuildFile; fileRef = 4896412727DDE68B00BAFFE7 /* AlarmWorker.swift */; };
		4896412B27DDE6BD00BAFFE7 /* AlarmModel.swift in Sources */ = {isa = PBXBuildFile; fileRef = 4896412A27DDE6BD00BAFFE7 /* AlarmModel.swift */; };
		4896414C27DE0EDE00BAFFE7 /* StackInteractor.swift in Sources */ = {isa = PBXBuildFile; fileRef = 4896414B27DE0EDE00BAFFE7 /* StackInteractor.swift */; };
		4896414F27DE0EF900BAFFE7 /* StackPresenter.swift in Sources */ = {isa = PBXBuildFile; fileRef = 4896414E27DE0EF900BAFFE7 /* StackPresenter.swift */; };
		4896415227DE20B900BAFFE7 /* StackAssembly.swift in Sources */ = {isa = PBXBuildFile; fileRef = 4896415127DE20B900BAFFE7 /* StackAssembly.swift */; };
		48C4E19627DDDBBD009CC733 /* AppDelegate.swift in Sources */ = {isa = PBXBuildFile; fileRef = 48C4E19527DDDBBD009CC733 /* AppDelegate.swift */; };
		48C4E19827DDDBBD009CC733 /* SceneDelegate.swift in Sources */ = {isa = PBXBuildFile; fileRef = 48C4E19727DDDBBD009CC733 /* SceneDelegate.swift */; };
		48C4E19F27DDDBBE009CC733 /* Assets.xcassets in Resources */ = {isa = PBXBuildFile; fileRef = 48C4E19E27DDDBBE009CC733 /* Assets.xcassets */; };
		48C4E1A227DDDBBE009CC733 /* LaunchScreen.storyboard in Resources */ = {isa = PBXBuildFile; fileRef = 48C4E1A027DDDBBE009CC733 /* LaunchScreen.storyboard */; };
		48C4E1AD27DDDCEF009CC733 /* StackViewController.swift in Sources */ = {isa = PBXBuildFile; fileRef = 48C4E1AC27DDDCEF009CC733 /* StackViewController.swift */; };
		48C4E1B027DDDCF8009CC733 /* TableViewController.swift in Sources */ = {isa = PBXBuildFile; fileRef = 48C4E1AF27DDDCF8009CC733 /* TableViewController.swift */; };
		48C4E1B327DDDD09009CC733 /* CollectionViewController.swift in Sources */ = {isa = PBXBuildFile; fileRef = 48C4E1B227DDDD09009CC733 /* CollectionViewController.swift */; };
		48C4E1BA27DDDF3C009CC733 /* UIView_Pin.swift in Sources */ = {isa = PBXBuildFile; fileRef = 48C4E1B927DDDF3C009CC733 /* UIView_Pin.swift */; };
		48FAF29727DFCF4A005D4938 /* CollectionRouter.swift in Sources */ = {isa = PBXBuildFile; fileRef = 48FAF29627DFCF4A005D4938 /* CollectionRouter.swift */; };
/* End PBXBuildFile section */

/* Begin PBXFileReference section */
		48268ECC27DF3D1500D2158A /* CreateAlarmViewController.swift */ = {isa = PBXFileReference; lastKnownFileType = sourcecode.swift; path = CreateAlarmViewController.swift; sourceTree = "<group>"; };
		48268ECF27DF3D2900D2158A /* CreateAlarmInteractor.swift */ = {isa = PBXFileReference; lastKnownFileType = sourcecode.swift; path = CreateAlarmInteractor.swift; sourceTree = "<group>"; };
		48268EDA27DF3D7D00D2158A /* CreateAlarmRouter.swift */ = {isa = PBXFileReference; lastKnownFileType = sourcecode.swift; path = CreateAlarmRouter.swift; sourceTree = "<group>"; };
		48268EDD27DF3D8800D2158A /* CreateAlarmAssembly.swift */ = {isa = PBXFileReference; lastKnownFileType = sourcecode.swift; path = CreateAlarmAssembly.swift; sourceTree = "<group>"; };
		48268EE227DF579400D2158A /* AlarmTabBarViewController.swift */ = {isa = PBXFileReference; lastKnownFileType = sourcecode.swift; path = AlarmTabBarViewController.swift; sourceTree = "<group>"; };
		48268EEA27DF593A00D2158A /* AlarmTabBarRouter.swift */ = {isa = PBXFileReference; lastKnownFileType = sourcecode.swift; path = AlarmTabBarRouter.swift; sourceTree = "<group>"; };
		48268EED27DF59E600D2158A /* AlarmTabBarAssembly.swift */ = {isa = PBXFileReference; lastKnownFileType = sourcecode.swift; path = AlarmTabBarAssembly.swift; sourceTree = "<group>"; };
		48268EF227DF6B3700D2158A /* EditAlarmViewController.swift */ = {isa = PBXFileReference; lastKnownFileType = sourcecode.swift; path = EditAlarmViewController.swift; sourceTree = "<group>"; };
		48268EF527DF6B5200D2158A /* EditAlarmInteractor.swift */ = {isa = PBXFileReference; lastKnownFileType = sourcecode.swift; path = EditAlarmInteractor.swift; sourceTree = "<group>"; };
		48268EF827DF6B6400D2158A /* EditAlarmRouter.swift */ = {isa = PBXFileReference; lastKnownFileType = sourcecode.swift; path = EditAlarmRouter.swift; sourceTree = "<group>"; };
		48268EFB27DF6B6F00D2158A /* EditAlarmAssembly.swift */ = {isa = PBXFileReference; lastKnownFileType = sourcecode.swift; path = EditAlarmAssembly.swift; sourceTree = "<group>"; };
		48268EFE27DF901600D2158A /* EditAlarmPresenter.swift */ = {isa = PBXFileReference; lastKnownFileType = sourcecode.swift; path = EditAlarmPresenter.swift; sourceTree = "<group>"; };
		48268F0227DF934000D2158A /* TableRouter.swift */ = {isa = PBXFileReference; lastKnownFileType = sourcecode.swift; path = TableRouter.swift; sourceTree = "<group>"; };
		48268F0F27DFA76E00D2158A /* TextAlarmModel.swift */ = {isa = PBXFileReference; lastKnownFileType = sourcecode.swift; path = TextAlarmModel.swift; sourceTree = "<group>"; };
		48268F1327DFAD1100D2158A /* StackRouter.swift */ = {isa = PBXFileReference; lastKnownFileType = sourcecode.swift; path = StackRouter.swift; sourceTree = "<group>"; };
		4860211E27E89A5E0053CD1E /* AlarmCoreData.xcdatamodel */ = {isa = PBXFileReference; lastKnownFileType = wrapper.xcdatamodel; path = AlarmCoreData.xcdatamodel; sourceTree = "<group>"; };
		4860212A27E8A2D90053CD1E /* Student.wav */ = {isa = PBXFileReference; lastKnownFileType = audio.wav; path = Student.wav; sourceTree = "<group>"; };
		4860212E27E8A7660053CD1E /* GovoritMoskva.wav */ = {isa = PBXFileReference; lastKnownFileType = audio.wav; path = GovoritMoskva.wav; sourceTree = "<group>"; };
		4860212F27E8A7660053CD1E /* ArmyanRadio.wav */ = {isa = PBXFileReference; lastKnownFileType = audio.wav; path = ArmyanRadio.wav; sourceTree = "<group>"; };
		4860213327E8A7B10053CD1E /* Alarm+CoreDataClass.swift */ = {isa = PBXFileReference; lastKnownFileType = sourcecode.swift; path = "Alarm+CoreDataClass.swift"; sourceTree = "<group>"; };
		4860213427E8A7B10053CD1E /* Alarm+CoreDataProperties.swift */ = {isa = PBXFileReference; lastKnownFileType = sourcecode.swift; path = "Alarm+CoreDataProperties.swift"; sourceTree = "<group>"; };
		4860213927E8A9780053CD1E /* AlarmSound.swift */ = {isa = PBXFileReference; lastKnownFileType = sourcecode.swift; path = AlarmSound.swift; sourceTree = "<group>"; };
		48740A5827DE8CC400EF2BC3 /* TableAlarmView.swift */ = {isa = PBXFileReference; lastKnownFileType = sourcecode.swift; path = TableAlarmView.swift; sourceTree = "<group>"; };
		48740A5B27DE97EE00EF2BC3 /* TableInteractor.swift */ = {isa = PBXFileReference; lastKnownFileType = sourcecode.swift; path = TableInteractor.swift; sourceTree = "<group>"; };
		48740A5E27DE97FB00EF2BC3 /* TablePresenter.swift */ = {isa = PBXFileReference; lastKnownFileType = sourcecode.swift; path = TablePresenter.swift; sourceTree = "<group>"; };
		48740A6127DE981700EF2BC3 /* TableAssembly.swift */ = {isa = PBXFileReference; lastKnownFileType = sourcecode.swift; path = TableAssembly.swift; sourceTree = "<group>"; };
		48740A6627DEA88D00EF2BC3 /* CollectionAlarmView.swift */ = {isa = PBXFileReference; lastKnownFileType = sourcecode.swift; path = CollectionAlarmView.swift; sourceTree = "<group>"; };
		48740A6A27DEB6CE00EF2BC3 /* CollectionInteractor.swift */ = {isa = PBXFileReference; lastKnownFileType = sourcecode.swift; path = CollectionInteractor.swift; sourceTree = "<group>"; };
		48740A6D27DEB6DB00EF2BC3 /* CollectionPresenter.swift */ = {isa = PBXFileReference; lastKnownFileType = sourcecode.swift; path = CollectionPresenter.swift; sourceTree = "<group>"; };
		48740A7027DEB6FA00EF2BC3 /* CollectionAssembly.swift */ = {isa = PBXFileReference; lastKnownFileType = sourcecode.swift; path = CollectionAssembly.swift; sourceTree = "<group>"; };
		4896412327DDE66400BAFFE7 /* StackAlarmView.swift */ = {isa = PBXFileReference; lastKnownFileType = sourcecode.swift; path = StackAlarmView.swift; sourceTree = "<group>"; };
		4896412727DDE68B00BAFFE7 /* AlarmWorker.swift */ = {isa = PBXFileReference; lastKnownFileType = sourcecode.swift; path = AlarmWorker.swift; sourceTree = "<group>"; };
		4896412A27DDE6BD00BAFFE7 /* AlarmModel.swift */ = {isa = PBXFileReference; lastKnownFileType = sourcecode.swift; path = AlarmModel.swift; sourceTree = "<group>"; };
		4896414B27DE0EDE00BAFFE7 /* StackInteractor.swift */ = {isa = PBXFileReference; lastKnownFileType = sourcecode.swift; path = StackInteractor.swift; sourceTree = "<group>"; };
		4896414E27DE0EF900BAFFE7 /* StackPresenter.swift */ = {isa = PBXFileReference; lastKnownFileType = sourcecode.swift; path = StackPresenter.swift; sourceTree = "<group>"; };
		4896415127DE20B900BAFFE7 /* StackAssembly.swift */ = {isa = PBXFileReference; lastKnownFileType = sourcecode.swift; path = StackAssembly.swift; sourceTree = "<group>"; };
		48C4E19227DDDBBD009CC733 /* vazhuravlev_3PW3.app */ = {isa = PBXFileReference; explicitFileType = wrapper.application; includeInIndex = 0; path = vazhuravlev_3PW3.app; sourceTree = BUILT_PRODUCTS_DIR; };
		48C4E19527DDDBBD009CC733 /* AppDelegate.swift */ = {isa = PBXFileReference; lastKnownFileType = sourcecode.swift; path = AppDelegate.swift; sourceTree = "<group>"; };
		48C4E19727DDDBBD009CC733 /* SceneDelegate.swift */ = {isa = PBXFileReference; lastKnownFileType = sourcecode.swift; path = SceneDelegate.swift; sourceTree = "<group>"; };
		48C4E19E27DDDBBE009CC733 /* Assets.xcassets */ = {isa = PBXFileReference; lastKnownFileType = folder.assetcatalog; path = Assets.xcassets; sourceTree = "<group>"; };
		48C4E1A127DDDBBE009CC733 /* Base */ = {isa = PBXFileReference; lastKnownFileType = file.storyboard; name = Base; path = Base.lproj/LaunchScreen.storyboard; sourceTree = "<group>"; };
		48C4E1A327DDDBBE009CC733 /* Info.plist */ = {isa = PBXFileReference; lastKnownFileType = text.plist.xml; path = Info.plist; sourceTree = "<group>"; };
		48C4E1AC27DDDCEF009CC733 /* StackViewController.swift */ = {isa = PBXFileReference; lastKnownFileType = sourcecode.swift; path = StackViewController.swift; sourceTree = "<group>"; };
		48C4E1AF27DDDCF8009CC733 /* TableViewController.swift */ = {isa = PBXFileReference; lastKnownFileType = sourcecode.swift; path = TableViewController.swift; sourceTree = "<group>"; };
		48C4E1B227DDDD09009CC733 /* CollectionViewController.swift */ = {isa = PBXFileReference; lastKnownFileType = sourcecode.swift; path = CollectionViewController.swift; sourceTree = "<group>"; };
		48C4E1B727DDDE32009CC733 /* README.md */ = {isa = PBXFileReference; lastKnownFileType = net.daringfireball.markdown; path = README.md; sourceTree = "<group>"; };
		48C4E1B927DDDF3C009CC733 /* UIView_Pin.swift */ = {isa = PBXFileReference; lastKnownFileType = sourcecode.swift; path = UIView_Pin.swift; sourceTree = "<group>"; };
		48FAF29627DFCF4A005D4938 /* CollectionRouter.swift */ = {isa = PBXFileReference; lastKnownFileType = sourcecode.swift; path = CollectionRouter.swift; sourceTree = "<group>"; };
/* End PBXFileReference section */

/* Begin PBXFrameworksBuildPhase section */
		48C4E18F27DDDBBD009CC733 /* Frameworks */ = {
			isa = PBXFrameworksBuildPhase;
			buildActionMask = 2147483647;
			files = (
			);
			runOnlyForDeploymentPostprocessing = 0;
		};
/* End PBXFrameworksBuildPhase section */

/* Begin PBXGroup section */
		48268ECB27DF3CEF00D2158A /* CreateAlarmScene */ = {
			isa = PBXGroup;
			children = (
				48268ECC27DF3D1500D2158A /* CreateAlarmViewController.swift */,
				48268ECF27DF3D2900D2158A /* CreateAlarmInteractor.swift */,
				48268EDA27DF3D7D00D2158A /* CreateAlarmRouter.swift */,
				48268EDD27DF3D8800D2158A /* CreateAlarmAssembly.swift */,
			);
			path = CreateAlarmScene;
			sourceTree = "<group>";
		};
		48268EE127DF577B00D2158A /* TabBarScene */ = {
			isa = PBXGroup;
			children = (
				48268EE227DF579400D2158A /* AlarmTabBarViewController.swift */,
				48268EEA27DF593A00D2158A /* AlarmTabBarRouter.swift */,
				48268EED27DF59E600D2158A /* AlarmTabBarAssembly.swift */,
			);
			path = TabBarScene;
			sourceTree = "<group>";
		};
		48268EF127DF6B1400D2158A /* EditAlarmScene */ = {
			isa = PBXGroup;
			children = (
				48268EF227DF6B3700D2158A /* EditAlarmViewController.swift */,
				48268EF527DF6B5200D2158A /* EditAlarmInteractor.swift */,
				48268EFE27DF901600D2158A /* EditAlarmPresenter.swift */,
				48268EF827DF6B6400D2158A /* EditAlarmRouter.swift */,
				48268EFB27DF6B6F00D2158A /* EditAlarmAssembly.swift */,
			);
			path = EditAlarmScene;
			sourceTree = "<group>";
		};
		4860212D27E8A74C0053CD1E /* CoreData */ = {
			isa = PBXGroup;
			children = (
				4860211D27E89A5E0053CD1E /* AlarmCoreData.xcdatamodeld */,
				4860213327E8A7B10053CD1E /* Alarm+CoreDataClass.swift */,
				4860213427E8A7B10053CD1E /* Alarm+CoreDataProperties.swift */,
			);
			path = CoreData;
			sourceTree = "<group>";
		};
		48740A6927DEB6A700EF2BC3 /* CollectionViewScene */ = {
			isa = PBXGroup;
			children = (
				48740A6627DEA88D00EF2BC3 /* CollectionAlarmView.swift */,
				48C4E1B227DDDD09009CC733 /* CollectionViewController.swift */,
				48740A6A27DEB6CE00EF2BC3 /* CollectionInteractor.swift */,
				48740A6D27DEB6DB00EF2BC3 /* CollectionPresenter.swift */,
				48FAF29627DFCF4A005D4938 /* CollectionRouter.swift */,
				48740A7027DEB6FA00EF2BC3 /* CollectionAssembly.swift */,
			);
			path = CollectionViewScene;
			sourceTree = "<group>";
		};
		4896412627DDE67D00BAFFE7 /* Workers */ = {
			isa = PBXGroup;
			children = (
				4896412727DDE68B00BAFFE7 /* AlarmWorker.swift */,
			);
			path = Workers;
			sourceTree = "<group>";
		};
		4896414627DE0E4200BAFFE7 /* Models */ = {
			isa = PBXGroup;
			children = (
				4860213927E8A9780053CD1E /* AlarmSound.swift */,
				4896412A27DDE6BD00BAFFE7 /* AlarmModel.swift */,
				48268F0F27DFA76E00D2158A /* TextAlarmModel.swift */,
			);
			path = Models;
			sourceTree = "<group>";
		};
		4896414927DE0E9E00BAFFE7 /* StackViewScene */ = {
			isa = PBXGroup;
			children = (
				4896412327DDE66400BAFFE7 /* StackAlarmView.swift */,
				48C4E1AC27DDDCEF009CC733 /* StackViewController.swift */,
				4896414B27DE0EDE00BAFFE7 /* StackInteractor.swift */,
				4896414E27DE0EF900BAFFE7 /* StackPresenter.swift */,
				48268F1327DFAD1100D2158A /* StackRouter.swift */,
				4896415127DE20B900BAFFE7 /* StackAssembly.swift */,
			);
			path = StackViewScene;
			sourceTree = "<group>";
		};
		4896415427DE2C6300BAFFE7 /* TableViewScene */ = {
			isa = PBXGroup;
			children = (
				48740A5827DE8CC400EF2BC3 /* TableAlarmView.swift */,
				48C4E1AF27DDDCF8009CC733 /* TableViewController.swift */,
				48740A5B27DE97EE00EF2BC3 /* TableInteractor.swift */,
				48740A5E27DE97FB00EF2BC3 /* TablePresenter.swift */,
				48268F0227DF934000D2158A /* TableRouter.swift */,
				48740A6127DE981700EF2BC3 /* TableAssembly.swift */,
			);
			path = TableViewScene;
			sourceTree = "<group>";
		};
		48C4E18927DDDBBD009CC733 = {
			isa = PBXGroup;
			children = (
				48C4E1B727DDDE32009CC733 /* README.md */,
				48C4E19427DDDBBD009CC733 /* vazhuravlev_3PW3 */,
				48C4E19327DDDBBD009CC733 /* Products */,
			);
			sourceTree = "<group>";
		};
		48C4E19327DDDBBD009CC733 /* Products */ = {
			isa = PBXGroup;
			children = (
				48C4E19227DDDBBD009CC733 /* vazhuravlev_3PW3.app */,
			);
			name = Products;
			sourceTree = "<group>";
		};
		48C4E19427DDDBBD009CC733 /* vazhuravlev_3PW3 */ = {
			isa = PBXGroup;
			children = (
				4860212A27E8A2D90053CD1E /* Student.wav */,
				4860212F27E8A7660053CD1E /* ArmyanRadio.wav */,
				4860212E27E8A7660053CD1E /* GovoritMoskva.wav */,
				48C4E1B927DDDF3C009CC733 /* UIView_Pin.swift */,
				48C4E19527DDDBBD009CC733 /* AppDelegate.swift */,
				48C4E19727DDDBBD009CC733 /* SceneDelegate.swift */,
				4860212D27E8A74C0053CD1E /* CoreData */,
				4896414627DE0E4200BAFFE7 /* Models */,
				4896412627DDE67D00BAFFE7 /* Workers */,
				48268EE127DF577B00D2158A /* TabBarScene */,
				4896414927DE0E9E00BAFFE7 /* StackViewScene */,
				4896415427DE2C6300BAFFE7 /* TableViewScene */,
				48740A6927DEB6A700EF2BC3 /* CollectionViewScene */,
				48268ECB27DF3CEF00D2158A /* CreateAlarmScene */,
				48268EF127DF6B1400D2158A /* EditAlarmScene */,
				48C4E19E27DDDBBE009CC733 /* Assets.xcassets */,
				48C4E1A027DDDBBE009CC733 /* LaunchScreen.storyboard */,
				48C4E1A327DDDBBE009CC733 /* Info.plist */,
			);
			path = vazhuravlev_3PW3;
			sourceTree = "<group>";
		};
/* End PBXGroup section */

/* Begin PBXNativeTarget section */
		48C4E19127DDDBBD009CC733 /* vazhuravlev_3PW3 */ = {
			isa = PBXNativeTarget;
			buildConfigurationList = 48C4E1A627DDDBBE009CC733 /* Build configuration list for PBXNativeTarget "vazhuravlev_3PW3" */;
			buildPhases = (
				48C4E18E27DDDBBD009CC733 /* Sources */,
				48C4E18F27DDDBBD009CC733 /* Frameworks */,
				48C4E19027DDDBBD009CC733 /* Resources */,
			);
			buildRules = (
			);
			dependencies = (
			);
			name = vazhuravlev_3PW3;
			productName = vazhuravlev_3PW3;
			productReference = 48C4E19227DDDBBD009CC733 /* vazhuravlev_3PW3.app */;
			productType = "com.apple.product-type.application";
		};
/* End PBXNativeTarget section */

/* Begin PBXProject section */
		48C4E18A27DDDBBD009CC733 /* Project object */ = {
			isa = PBXProject;
			attributes = {
				LastSwiftUpdateCheck = 1210;
				LastUpgradeCheck = 1210;
				TargetAttributes = {
					48C4E19127DDDBBD009CC733 = {
						CreatedOnToolsVersion = 12.1;
					};
				};
			};
			buildConfigurationList = 48C4E18D27DDDBBD009CC733 /* Build configuration list for PBXProject "vazhuravlev_3PW3" */;
			compatibilityVersion = "Xcode 9.3";
			developmentRegion = en;
			hasScannedForEncodings = 0;
			knownRegions = (
				en,
				Base,
			);
			mainGroup = 48C4E18927DDDBBD009CC733;
			productRefGroup = 48C4E19327DDDBBD009CC733 /* Products */;
			projectDirPath = "";
			projectRoot = "";
			targets = (
				48C4E19127DDDBBD009CC733 /* vazhuravlev_3PW3 */,
			);
		};
/* End PBXProject section */

/* Begin PBXResourcesBuildPhase section */
		48C4E19027DDDBBD009CC733 /* Resources */ = {
			isa = PBXResourcesBuildPhase;
			buildActionMask = 2147483647;
			files = (
				4860213027E8A7660053CD1E /* GovoritMoskva.wav in Resources */,
				4860213127E8A7660053CD1E /* ArmyanRadio.wav in Resources */,
				4860212B27E8A2D90053CD1E /* Student.wav in Resources */,
				48C4E1A227DDDBBE009CC733 /* LaunchScreen.storyboard in Resources */,
				48C4E19F27DDDBBE009CC733 /* Assets.xcassets in Resources */,
			);
			runOnlyForDeploymentPostprocessing = 0;
		};
/* End PBXResourcesBuildPhase section */

/* Begin PBXSourcesBuildPhase section */
		48C4E18E27DDDBBD009CC733 /* Sources */ = {
			isa = PBXSourcesBuildPhase;
			buildActionMask = 2147483647;
			files = (
				4860211F27E89A5E0053CD1E /* AlarmCoreData.xcdatamodeld in Sources */,
				48C4E1BA27DDDF3C009CC733 /* UIView_Pin.swift in Sources */,
				48268EF327DF6B3700D2158A /* EditAlarmViewController.swift in Sources */,
				48740A5927DE8CC400EF2BC3 /* TableAlarmView.swift in Sources */,
				48740A7127DEB6FA00EF2BC3 /* CollectionAssembly.swift in Sources */,
				4860213527E8A7B10053CD1E /* Alarm+CoreDataClass.swift in Sources */,
				48740A6227DE981700EF2BC3 /* TableAssembly.swift in Sources */,
				48268EFC27DF6B6F00D2158A /* EditAlarmAssembly.swift in Sources */,
				48268EDB27DF3D7D00D2158A /* CreateAlarmRouter.swift in Sources */,
				4860213A27E8A9780053CD1E /* AlarmSound.swift in Sources */,
				48C4E1AD27DDDCEF009CC733 /* StackViewController.swift in Sources */,
				48C4E19627DDDBBD009CC733 /* AppDelegate.swift in Sources */,
				48268EFF27DF901600D2158A /* EditAlarmPresenter.swift in Sources */,
				4896415227DE20B900BAFFE7 /* StackAssembly.swift in Sources */,
				48268F0327DF934000D2158A /* TableRouter.swift in Sources */,
				48C4E19827DDDBBD009CC733 /* SceneDelegate.swift in Sources */,
				4896414C27DE0EDE00BAFFE7 /* StackInteractor.swift in Sources */,
				48268ECD27DF3D1500D2158A /* CreateAlarmViewController.swift in Sources */,
				4896414F27DE0EF900BAFFE7 /* StackPresenter.swift in Sources */,
				48268ED027DF3D2900D2158A /* CreateAlarmInteractor.swift in Sources */,
				48268EEE27DF59E600D2158A /* AlarmTabBarAssembly.swift in Sources */,
				48268EE327DF579400D2158A /* AlarmTabBarViewController.swift in Sources */,
				48C4E1B027DDDCF8009CC733 /* TableViewController.swift in Sources */,
				48268F1427DFAD1100D2158A /* StackRouter.swift in Sources */,
				4860213627E8A7B10053CD1E /* Alarm+CoreDataProperties.swift in Sources */,
				4896412B27DDE6BD00BAFFE7 /* AlarmModel.swift in Sources */,
				48FAF29727DFCF4A005D4938 /* CollectionRouter.swift in Sources */,
				48740A6727DEA88D00EF2BC3 /* CollectionAlarmView.swift in Sources */,
				48268F1027DFA76E00D2158A /* TextAlarmModel.swift in Sources */,
				48740A5C27DE97EE00EF2BC3 /* TableInteractor.swift in Sources */,
				4896412827DDE68B00BAFFE7 /* AlarmWorker.swift in Sources */,
				4896412427DDE66400BAFFE7 /* StackAlarmView.swift in Sources */,
				48268EF927DF6B6400D2158A /* EditAlarmRouter.swift in Sources */,
				48740A6E27DEB6DB00EF2BC3 /* CollectionPresenter.swift in Sources */,
				48740A6B27DEB6CE00EF2BC3 /* CollectionInteractor.swift in Sources */,
				48268EEB27DF593A00D2158A /* AlarmTabBarRouter.swift in Sources */,
				48268EDE27DF3D8800D2158A /* CreateAlarmAssembly.swift in Sources */,
				48740A5F27DE97FB00EF2BC3 /* TablePresenter.swift in Sources */,
				48268EF627DF6B5200D2158A /* EditAlarmInteractor.swift in Sources */,
				48C4E1B327DDDD09009CC733 /* CollectionViewController.swift in Sources */,
			);
			runOnlyForDeploymentPostprocessing = 0;
		};
/* End PBXSourcesBuildPhase section */

/* Begin PBXVariantGroup section */
		48C4E1A027DDDBBE009CC733 /* LaunchScreen.storyboard */ = {
			isa = PBXVariantGroup;
			children = (
				48C4E1A127DDDBBE009CC733 /* Base */,
			);
			name = LaunchScreen.storyboard;
			sourceTree = "<group>";
		};
/* End PBXVariantGroup section */

/* Begin XCBuildConfiguration section */
		48C4E1A427DDDBBE009CC733 /* Debug */ = {
			isa = XCBuildConfiguration;
			buildSettings = {
				ALWAYS_SEARCH_USER_PATHS = NO;
				CLANG_ANALYZER_NONNULL = YES;
				CLANG_ANALYZER_NUMBER_OBJECT_CONVERSION = YES_AGGRESSIVE;
				CLANG_CXX_LANGUAGE_STANDARD = "gnu++14";
				CLANG_CXX_LIBRARY = "libc++";
				CLANG_ENABLE_MODULES = YES;
				CLANG_ENABLE_OBJC_ARC = YES;
				CLANG_ENABLE_OBJC_WEAK = YES;
				CLANG_WARN_BLOCK_CAPTURE_AUTORELEASING = YES;
				CLANG_WARN_BOOL_CONVERSION = YES;
				CLANG_WARN_COMMA = YES;
				CLANG_WARN_CONSTANT_CONVERSION = YES;
				CLANG_WARN_DEPRECATED_OBJC_IMPLEMENTATIONS = YES;
				CLANG_WARN_DIRECT_OBJC_ISA_USAGE = YES_ERROR;
				CLANG_WARN_DOCUMENTATION_COMMENTS = YES;
				CLANG_WARN_EMPTY_BODY = YES;
				CLANG_WARN_ENUM_CONVERSION = YES;
				CLANG_WARN_INFINITE_RECURSION = YES;
				CLANG_WARN_INT_CONVERSION = YES;
				CLANG_WARN_NON_LITERAL_NULL_CONVERSION = YES;
				CLANG_WARN_OBJC_IMPLICIT_RETAIN_SELF = YES;
				CLANG_WARN_OBJC_LITERAL_CONVERSION = YES;
				CLANG_WARN_OBJC_ROOT_CLASS = YES_ERROR;
				CLANG_WARN_QUOTED_INCLUDE_IN_FRAMEWORK_HEADER = YES;
				CLANG_WARN_RANGE_LOOP_ANALYSIS = YES;
				CLANG_WARN_STRICT_PROTOTYPES = YES;
				CLANG_WARN_SUSPICIOUS_MOVE = YES;
				CLANG_WARN_UNGUARDED_AVAILABILITY = YES_AGGRESSIVE;
				CLANG_WARN_UNREACHABLE_CODE = YES;
				CLANG_WARN__DUPLICATE_METHOD_MATCH = YES;
				COPY_PHASE_STRIP = NO;
				DEBUG_INFORMATION_FORMAT = dwarf;
				ENABLE_STRICT_OBJC_MSGSEND = YES;
				ENABLE_TESTABILITY = YES;
				GCC_C_LANGUAGE_STANDARD = gnu11;
				GCC_DYNAMIC_NO_PIC = NO;
				GCC_NO_COMMON_BLOCKS = YES;
				GCC_OPTIMIZATION_LEVEL = 0;
				GCC_PREPROCESSOR_DEFINITIONS = (
					"DEBUG=1",
					"$(inherited)",
				);
				GCC_WARN_64_TO_32_BIT_CONVERSION = YES;
				GCC_WARN_ABOUT_RETURN_TYPE = YES_ERROR;
				GCC_WARN_UNDECLARED_SELECTOR = YES;
				GCC_WARN_UNINITIALIZED_AUTOS = YES_AGGRESSIVE;
				GCC_WARN_UNUSED_FUNCTION = YES;
				GCC_WARN_UNUSED_VARIABLE = YES;
				IPHONEOS_DEPLOYMENT_TARGET = 14.1;
				MTL_ENABLE_DEBUG_INFO = INCLUDE_SOURCE;
				MTL_FAST_MATH = YES;
				ONLY_ACTIVE_ARCH = YES;
				SDKROOT = iphoneos;
				SWIFT_ACTIVE_COMPILATION_CONDITIONS = DEBUG;
				SWIFT_OPTIMIZATION_LEVEL = "-Onone";
			};
			name = Debug;
		};
		48C4E1A527DDDBBE009CC733 /* Release */ = {
			isa = XCBuildConfiguration;
			buildSettings = {
				ALWAYS_SEARCH_USER_PATHS = NO;
				CLANG_ANALYZER_NONNULL = YES;
				CLANG_ANALYZER_NUMBER_OBJECT_CONVERSION = YES_AGGRESSIVE;
				CLANG_CXX_LANGUAGE_STANDARD = "gnu++14";
				CLANG_CXX_LIBRARY = "libc++";
				CLANG_ENABLE_MODULES = YES;
				CLANG_ENABLE_OBJC_ARC = YES;
				CLANG_ENABLE_OBJC_WEAK = YES;
				CLANG_WARN_BLOCK_CAPTURE_AUTORELEASING = YES;
				CLANG_WARN_BOOL_CONVERSION = YES;
				CLANG_WARN_COMMA = YES;
				CLANG_WARN_CONSTANT_CONVERSION = YES;
				CLANG_WARN_DEPRECATED_OBJC_IMPLEMENTATIONS = YES;
				CLANG_WARN_DIRECT_OBJC_ISA_USAGE = YES_ERROR;
				CLANG_WARN_DOCUMENTATION_COMMENTS = YES;
				CLANG_WARN_EMPTY_BODY = YES;
				CLANG_WARN_ENUM_CONVERSION = YES;
				CLANG_WARN_INFINITE_RECURSION = YES;
				CLANG_WARN_INT_CONVERSION = YES;
				CLANG_WARN_NON_LITERAL_NULL_CONVERSION = YES;
				CLANG_WARN_OBJC_IMPLICIT_RETAIN_SELF = YES;
				CLANG_WARN_OBJC_LITERAL_CONVERSION = YES;
				CLANG_WARN_OBJC_ROOT_CLASS = YES_ERROR;
				CLANG_WARN_QUOTED_INCLUDE_IN_FRAMEWORK_HEADER = YES;
				CLANG_WARN_RANGE_LOOP_ANALYSIS = YES;
				CLANG_WARN_STRICT_PROTOTYPES = YES;
				CLANG_WARN_SUSPICIOUS_MOVE = YES;
				CLANG_WARN_UNGUARDED_AVAILABILITY = YES_AGGRESSIVE;
				CLANG_WARN_UNREACHABLE_CODE = YES;
				CLANG_WARN__DUPLICATE_METHOD_MATCH = YES;
				COPY_PHASE_STRIP = NO;
				DEBUG_INFORMATION_FORMAT = "dwarf-with-dsym";
				ENABLE_NS_ASSERTIONS = NO;
				ENABLE_STRICT_OBJC_MSGSEND = YES;
				GCC_C_LANGUAGE_STANDARD = gnu11;
				GCC_NO_COMMON_BLOCKS = YES;
				GCC_WARN_64_TO_32_BIT_CONVERSION = YES;
				GCC_WARN_ABOUT_RETURN_TYPE = YES_ERROR;
				GCC_WARN_UNDECLARED_SELECTOR = YES;
				GCC_WARN_UNINITIALIZED_AUTOS = YES_AGGRESSIVE;
				GCC_WARN_UNUSED_FUNCTION = YES;
				GCC_WARN_UNUSED_VARIABLE = YES;
				IPHONEOS_DEPLOYMENT_TARGET = 14.1;
				MTL_ENABLE_DEBUG_INFO = NO;
				MTL_FAST_MATH = YES;
				SDKROOT = iphoneos;
				SWIFT_COMPILATION_MODE = wholemodule;
				SWIFT_OPTIMIZATION_LEVEL = "-O";
				VALIDATE_PRODUCT = YES;
			};
			name = Release;
		};
		48C4E1A727DDDBBE009CC733 /* Debug */ = {
			isa = XCBuildConfiguration;
			buildSettings = {
				ASSETCATALOG_COMPILER_APPICON_NAME = AppIcon;
				ASSETCATALOG_COMPILER_GLOBAL_ACCENT_COLOR_NAME = AccentColor;
				CODE_SIGN_STYLE = Automatic;
				DEVELOPMENT_TEAM = 8Y3W67AZM6;
				INFOPLIST_FILE = vazhuravlev_3PW3/Info.plist;
				LD_RUNPATH_SEARCH_PATHS = (
					"$(inherited)",
					"@executable_path/Frameworks",
				);
				PRODUCT_BUNDLE_IDENTIFIER = "ru.hse.vazhuravlev-3PW3";
				PRODUCT_NAME = "$(TARGET_NAME)";
				SWIFT_VERSION = 5.0;
				TARGETED_DEVICE_FAMILY = "1,2";
			};
			name = Debug;
		};
		48C4E1A827DDDBBE009CC733 /* Release */ = {
			isa = XCBuildConfiguration;
			buildSettings = {
				ASSETCATALOG_COMPILER_APPICON_NAME = AppIcon;
				ASSETCATALOG_COMPILER_GLOBAL_ACCENT_COLOR_NAME = AccentColor;
				CODE_SIGN_STYLE = Automatic;
				DEVELOPMENT_TEAM = 8Y3W67AZM6;
				INFOPLIST_FILE = vazhuravlev_3PW3/Info.plist;
				LD_RUNPATH_SEARCH_PATHS = (
					"$(inherited)",
					"@executable_path/Frameworks",
				);
				PRODUCT_BUNDLE_IDENTIFIER = "ru.hse.vazhuravlev-3PW3";
				PRODUCT_NAME = "$(TARGET_NAME)";
				SWIFT_VERSION = 5.0;
				TARGETED_DEVICE_FAMILY = "1,2";
			};
			name = Release;
		};
/* End XCBuildConfiguration section */

/* Begin XCConfigurationList section */
		48C4E18D27DDDBBD009CC733 /* Build configuration list for PBXProject "vazhuravlev_3PW3" */ = {
			isa = XCConfigurationList;
			buildConfigurations = (
				48C4E1A427DDDBBE009CC733 /* Debug */,
				48C4E1A527DDDBBE009CC733 /* Release */,
			);
			defaultConfigurationIsVisible = 0;
			defaultConfigurationName = Release;
		};
		48C4E1A627DDDBBE009CC733 /* Build configuration list for PBXNativeTarget "vazhuravlev_3PW3" */ = {
			isa = XCConfigurationList;
			buildConfigurations = (
				48C4E1A727DDDBBE009CC733 /* Debug */,
				48C4E1A827DDDBBE009CC733 /* Release */,
			);
			defaultConfigurationIsVisible = 0;
			defaultConfigurationName = Release;
		};
/* End XCConfigurationList section */

/* Begin XCVersionGroup section */
		4860211D27E89A5E0053CD1E /* AlarmCoreData.xcdatamodeld */ = {
			isa = XCVersionGroup;
			children = (
				4860211E27E89A5E0053CD1E /* AlarmCoreData.xcdatamodel */,
			);
			currentVersion = 4860211E27E89A5E0053CD1E /* AlarmCoreData.xcdatamodel */;
			path = AlarmCoreData.xcdatamodeld;
			sourceTree = "<group>";
			versionGroupType = wrapper.xcdatamodel;
		};
/* End XCVersionGroup section */
	};
	rootObject = 48C4E18A27DDDBBD009CC733 /* Project object */;
}
